
Microsoft Visual Studio Solution File, Format Version 12.00
# Visual Studio Version 17
VisualStudioVersion = 17.9.34728.123
MinimumVisualStudioVersion = 10.0.40219.1
Project("{9A19103F-16F7-4668-BE54-9A1E7A4F7556}") = "Demo.Azure.Functions.FunctionApp1", "Demo.Azure.Functions.FunctionApp1\Demo.Azure.Functions.FunctionApp1.csproj", "{6FA60D43-0F86-4EAC-BF52-CA883FD23E20}"
EndProject
Project("{FAE04EC0-301F-11D3-BF4B-00C04F79EFBC}") = "Demo.Azure.Functions.FunctionApp2", "Demo.Azure.Functions.FunctionApp2\Demo.Azure.Functions.FunctionApp2.csproj", "{6C9E0679-1C82-46CE-B0CD-8818C009BFC7}"
EndProject
Global
	GlobalSection(SolutionConfigurationPlatforms) = preSolution
		Debug|Any CPU = Debug|Any CPU
		Release|Any CPU = Release|Any CPU
	EndGlobalSection
	GlobalSection(ProjectConfigurationPlatforms) = postSolution
		{6FA60D43-0F86-4EAC-BF52-CA883FD23E20}.Debug|Any CPU.ActiveCfg = Debug|Any CPU
		{6FA60D43-0F86-4EAC-BF52-CA883FD23E20}.Debug|Any CPU.Build.0 = Debug|Any CPU
		{6FA60D43-0F86-4EAC-BF52-CA883FD23E20}.Release|Any CPU.ActiveCfg = Release|Any CPU
		{6FA60D43-0F86-4EAC-BF52-CA883FD23E20}.Release|Any CPU.Build.0 = Release|Any CPU
		{6C9E0679-1C82-46CE-B0CD-8818C009BFC7}.Debug|Any CPU.ActiveCfg = Debug|Any CPU
		{6C9E0679-1C82-46CE-B0CD-8818C009BFC7}.Debug|Any CPU.Build.0 = Debug|Any CPU
		{6C9E0679-1C82-46CE-B0CD-8818C009BFC7}.Release|Any CPU.ActiveCfg = Release|Any CPU
		{6C9E0679-1C82-46CE-B0CD-8818C009BFC7}.Release|Any CPU.Build.0 = Release|Any CPU
	EndGlobalSection
	GlobalSection(SolutionProperties) = preSolution
		HideSolutionNode = FALSE
	EndGlobalSection
	GlobalSection(ExtensibilityGlobals) = postSolution
		SolutionGuid = {C37D36A8-86A7-43E7-8756-8AE01C7AC62C}
	EndGlobalSection
EndGlobal
